
Microsoft Visual Studio Solution File, Format Version 12.00
# Visual Studio Version 17
VisualStudioVersion = 17.6.33815.320
MinimumVisualStudioVersion = 10.0.40219.1
Project("{FAE04EC0-301F-11D3-BF4B-00C04F79EFBC}") = "API WEB-FINAL", "API WEB-FINAL.csproj", "{BDEFCD2F-C14F-4487-A224-4D7FB90865AB}"
EndProject
Global
	GlobalSection(SolutionConfigurationPlatforms) = preSolution
		Debug|Any CPU = Debug|Any CPU
		Release|Any CPU = Release|Any CPU
	EndGlobalSection
	GlobalSection(ProjectConfigurationPlatforms) = postSolution
		{BDEFCD2F-C14F-4487-A224-4D7FB90865AB}.Debug|Any CPU.ActiveCfg = Debug|Any CPU
		{BDEFCD2F-C14F-4487-A224-4D7FB90865AB}.Debug|Any CPU.Build.0 = Debug|Any CPU
		{BDEFCD2F-C14F-4487-A224-4D7FB90865AB}.Release|Any CPU.ActiveCfg = Release|Any CPU
		{BDEFCD2F-C14F-4487-A224-4D7FB90865AB}.Release|Any CPU.Build.0 = Release|Any CPU
	EndGlobalSection
	GlobalSection(SolutionProperties) = preSolution
		HideSolutionNode = FALSE
	EndGlobalSection
	GlobalSection(ExtensibilityGlobals) = postSolution
		SolutionGuid = {1CBAF6B9-D3E0-4B1F-BAAD-A59EDA1F82C1}
	EndGlobalSection
EndGlobal
